// !$*UTF8*$!
{
	archiveVersion = 1;
	classes = {
	};
	objectVersion = 56;
	objects = {

/* Begin PBXBuildFile section */
		0AA10D742AEC4C9400F4F747 /* LeftMenuApp.swift in Sources */ = {isa = PBXBuildFile; fileRef = 0AA10D732AEC4C9400F4F747 /* LeftMenuApp.swift */; };
		0AA10D762AEC4C9400F4F747 /* ContentView.swift in Sources */ = {isa = PBXBuildFile; fileRef = 0AA10D752AEC4C9400F4F747 /* ContentView.swift */; };
		0AA10D782AEC4C9500F4F747 /* Assets.xcassets in Resources */ = {isa = PBXBuildFile; fileRef = 0AA10D772AEC4C9500F4F747 /* Assets.xcassets */; };
		0AA10D7B2AEC4C9500F4F747 /* Preview Assets.xcassets in Resources */ = {isa = PBXBuildFile; fileRef = 0AA10D7A2AEC4C9500F4F747 /* Preview Assets.xcassets */; };
		0AA10D852AEC4C9500F4F747 /* LeftMenuTests.swift in Sources */ = {isa = PBXBuildFile; fileRef = 0AA10D842AEC4C9500F4F747 /* LeftMenuTests.swift */; };
		0AA10D8F2AEC4C9500F4F747 /* LeftMenuUITests.swift in Sources */ = {isa = PBXBuildFile; fileRef = 0AA10D8E2AEC4C9500F4F747 /* LeftMenuUITests.swift */; };
		0AA10D912AEC4C9500F4F747 /* LeftMenuUITestsLaunchTests.swift in Sources */ = {isa = PBXBuildFile; fileRef = 0AA10D902AEC4C9500F4F747 /* LeftMenuUITestsLaunchTests.swift */; };
/* End PBXBuildFile section */

/* Begin PBXContainerItemProxy section */
		0AA10D812AEC4C9500F4F747 /* PBXContainerItemProxy */ = {
			isa = PBXContainerItemProxy;
			containerPortal = 0AA10D682AEC4C9400F4F747 /* Project object */;
			proxyType = 1;
			remoteGlobalIDString = 0AA10D6F2AEC4C9400F4F747;
			remoteInfo = LeftMenu;
		};
		0AA10D8B2AEC4C9500F4F747 /* PBXContainerItemProxy */ = {
			isa = PBXContainerItemProxy;
			containerPortal = 0AA10D682AEC4C9400F4F747 /* Project object */;
			proxyType = 1;
			remoteGlobalIDString = 0AA10D6F2AEC4C9400F4F747;
			remoteInfo = LeftMenu;
		};
/* End PBXContainerItemProxy section */

/* Begin PBXFileReference section */
		0AA10D702AEC4C9400F4F747 /* LeftMenu.app */ = {isa = PBXFileReference; explicitFileType = wrapper.application; includeInIndex = 0; path = LeftMenu.app; sourceTree = BUILT_PRODUCTS_DIR; };
		0AA10D732AEC4C9400F4F747 /* LeftMenuApp.swift */ = {isa = PBXFileReference; lastKnownFileType = sourcecode.swift; path = LeftMenuApp.swift; sourceTree = "<group>"; };
		0AA10D752AEC4C9400F4F747 /* ContentView.swift */ = {isa = PBXFileReference; lastKnownFileType = sourcecode.swift; path = ContentView.swift; sourceTree = "<group>"; };
		0AA10D772AEC4C9500F4F747 /* Assets.xcassets */ = {isa = PBXFileReference; lastKnownFileType = folder.assetcatalog; path = Assets.xcassets; sourceTree = "<group>"; };
		0AA10D7A2AEC4C9500F4F747 /* Preview Assets.xcassets */ = {isa = PBXFileReference; lastKnownFileType = folder.assetcatalog; path = "Preview Assets.xcassets"; sourceTree = "<group>"; };
		0AA10D802AEC4C9500F4F747 /* LeftMenuTests.xctest */ = {isa = PBXFileReference; explicitFileType = wrapper.cfbundle; includeInIndex = 0; path = LeftMenuTests.xctest; sourceTree = BUILT_PRODUCTS_DIR; };
		0AA10D842AEC4C9500F4F747 /* LeftMenuTests.swift */ = {isa = PBXFileReference; lastKnownFileType = sourcecode.swift; path = LeftMenuTests.swift; sourceTree = "<group>"; };
		0AA10D8A2AEC4C9500F4F747 /* LeftMenuUITests.xctest */ = {isa = PBXFileReference; explicitFileType = wrapper.cfbundle; includeInIndex = 0; path = LeftMenuUITests.xctest; sourceTree = BUILT_PRODUCTS_DIR; };
		0AA10D8E2AEC4C9500F4F747 /* LeftMenuUITests.swift */ = {isa = PBXFileReference; lastKnownFileType = sourcecode.swift; path = LeftMenuUITests.swift; sourceTree = "<group>"; };
		0AA10D902AEC4C9500F4F747 /* LeftMenuUITestsLaunchTests.swift */ = {isa = PBXFileReference; lastKnownFileType = sourcecode.swift; path = LeftMenuUITestsLaunchTests.swift; sourceTree = "<group>"; };
/* End PBXFileReference section */

/* Begin PBXFrameworksBuildPhase section */
		0AA10D6D2AEC4C9400F4F747 /* Frameworks */ = {
			isa = PBXFrameworksBuildPhase;
			buildActionMask = 2147483647;
			files = (
			);
			runOnlyForDeploymentPostprocessing = 0;
		};
		0AA10D7D2AEC4C9500F4F747 /* Frameworks */ = {
			isa = PBXFrameworksBuildPhase;
			buildActionMask = 2147483647;
			files = (
			);
			runOnlyForDeploymentPostprocessing = 0;
		};
		0AA10D872AEC4C9500F4F747 /* Frameworks */ = {
			isa = PBXFrameworksBuildPhase;
			buildActionMask = 2147483647;
			files = (
			);
			runOnlyForDeploymentPostprocessing = 0;
		};
/* End PBXFrameworksBuildPhase section */

/* Begin PBXGroup section */
		0AA10D672AEC4C9400F4F747 = {
			isa = PBXGroup;
			children = (
				0AA10D722AEC4C9400F4F747 /* LeftMenu */,
				0AA10D832AEC4C9500F4F747 /* LeftMenuTests */,
				0AA10D8D2AEC4C9500F4F747 /* LeftMenuUITests */,
				0AA10D712AEC4C9400F4F747 /* Products */,
			);
			sourceTree = "<group>";
		};
		0AA10D712AEC4C9400F4F747 /* Products */ = {
			isa = PBXGroup;
			children = (
				0AA10D702AEC4C9400F4F747 /* LeftMenu.app */,
				0AA10D802AEC4C9500F4F747 /* LeftMenuTests.xctest */,
				0AA10D8A2AEC4C9500F4F747 /* LeftMenuUITests.xctest */,
			);
			name = Products;
			sourceTree = "<group>";
		};
		0AA10D722AEC4C9400F4F747 /* LeftMenu */ = {
			isa = PBXGroup;
			children = (
				0AA10D732AEC4C9400F4F747 /* LeftMenuApp.swift */,
				0AA10D752AEC4C9400F4F747 /* ContentView.swift */,
				0AA10D772AEC4C9500F4F747 /* Assets.xcassets */,
				0AA10D792AEC4C9500F4F747 /* Preview Content */,
			);
			path = LeftMenu;
			sourceTree = "<group>";
		};
		0AA10D792AEC4C9500F4F747 /* Preview Content */ = {
			isa = PBXGroup;
			children = (
				0AA10D7A2AEC4C9500F4F747 /* Preview Assets.xcassets */,
			);
			path = "Preview Content";
			sourceTree = "<group>";
		};
		0AA10D832AEC4C9500F4F747 /* LeftMenuTests */ = {
			isa = PBXGroup;
			children = (
				0AA10D842AEC4C9500F4F747 /* LeftMenuTests.swift */,
			);
			path = LeftMenuTests;
			sourceTree = "<group>";
		};
		0AA10D8D2AEC4C9500F4F747 /* LeftMenuUITests */ = {
			isa = PBXGroup;
			children = (
				0AA10D8E2AEC4C9500F4F747 /* LeftMenuUITests.swift */,
				0AA10D902AEC4C9500F4F747 /* LeftMenuUITestsLaunchTests.swift */,
			);
			path = LeftMenuUITests;
			sourceTree = "<group>";
		};
/* End PBXGroup section */

/* Begin PBXNativeTarget section */
		0AA10D6F2AEC4C9400F4F747 /* LeftMenu */ = {
			isa = PBXNativeTarget;
			buildConfigurationList = 0AA10D942AEC4C9500F4F747 /* Build configuration list for PBXNativeTarget "LeftMenu" */;
			buildPhases = (
				0AA10D6C2AEC4C9400F4F747 /* Sources */,
				0AA10D6D2AEC4C9400F4F747 /* Frameworks */,
				0AA10D6E2AEC4C9400F4F747 /* Resources */,
			);
			buildRules = (
			);
			dependencies = (
			);
			name = LeftMenu;
			productName = LeftMenu;
			productReference = 0AA10D702AEC4C9400F4F747 /* LeftMenu.app */;
			productType = "com.apple.product-type.application";
		};
		0AA10D7F2AEC4C9500F4F747 /* LeftMenuTests */ = {
			isa = PBXNativeTarget;
			buildConfigurationList = 0AA10D972AEC4C9500F4F747 /* Build configuration list for PBXNativeTarget "LeftMenuTests" */;
			buildPhases = (
				0AA10D7C2AEC4C9500F4F747 /* Sources */,
				0AA10D7D2AEC4C9500F4F747 /* Frameworks */,
				0AA10D7E2AEC4C9500F4F747 /* Resources */,
			);
			buildRules = (
			);
			dependencies = (
				0AA10D822AEC4C9500F4F747 /* PBXTargetDependency */,
			);
			name = LeftMenuTests;
			productName = LeftMenuTests;
			productReference = 0AA10D802AEC4C9500F4F747 /* LeftMenuTests.xctest */;
			productType = "com.apple.product-type.bundle.unit-test";
		};
		0AA10D892AEC4C9500F4F747 /* LeftMenuUITests */ = {
			isa = PBXNativeTarget;
			buildConfigurationList = 0AA10D9A2AEC4C9500F4F747 /* Build configuration list for PBXNativeTarget "LeftMenuUITests" */;
			buildPhases = (
				0AA10D862AEC4C9500F4F747 /* Sources */,
				0AA10D872AEC4C9500F4F747 /* Frameworks */,
				0AA10D882AEC4C9500F4F747 /* Resources */,
			);
			buildRules = (
			);
			dependencies = (
				0AA10D8C2AEC4C9500F4F747 /* PBXTargetDependency */,
			);
			name = LeftMenuUITests;
			productName = LeftMenuUITests;
			productReference = 0AA10D8A2AEC4C9500F4F747 /* LeftMenuUITests.xctest */;
			productType = "com.apple.product-type.bundle.ui-testing";
		};
/* End PBXNativeTarget section */

/* Begin PBXProject section */
		0AA10D682AEC4C9400F4F747 /* Project object */ = {
			isa = PBXProject;
			attributes = {
				BuildIndependentTargetsInParallel = 1;
				LastSwiftUpdateCheck = 1500;
				LastUpgradeCheck = 1500;
				TargetAttributes = {
					0AA10D6F2AEC4C9400F4F747 = {
						CreatedOnToolsVersion = 15.0.1;
					};
					0AA10D7F2AEC4C9500F4F747 = {
						CreatedOnToolsVersion = 15.0.1;
						TestTargetID = 0AA10D6F2AEC4C9400F4F747;
					};
					0AA10D892AEC4C9500F4F747 = {
						CreatedOnToolsVersion = 15.0.1;
						TestTargetID = 0AA10D6F2AEC4C9400F4F747;
					};
				};
			};
			buildConfigurationList = 0AA10D6B2AEC4C9400F4F747 /* Build configuration list for PBXProject "LeftMenu" */;
			compatibilityVersion = "Xcode 14.0";
			developmentRegion = en;
			hasScannedForEncodings = 0;
			knownRegions = (
				en,
				Base,
			);
			mainGroup = 0AA10D672AEC4C9400F4F747;
			productRefGroup = 0AA10D712AEC4C9400F4F747 /* Products */;
			projectDirPath = "";
			projectRoot = "";
			targets = (
				0AA10D6F2AEC4C9400F4F747 /* LeftMenu */,
				0AA10D7F2AEC4C9500F4F747 /* LeftMenuTests */,
				0AA10D892AEC4C9500F4F747 /* LeftMenuUITests */,
			);
		};
/* End PBXProject section */

/* Begin PBXResourcesBuildPhase section */
		0AA10D6E2AEC4C9400F4F747 /* Resources */ = {
			isa = PBXResourcesBuildPhase;
			buildActionMask = 2147483647;
			files = (
				0AA10D7B2AEC4C9500F4F747 /* Preview Assets.xcassets in Resources */,
				0AA10D782AEC4C9500F4F747 /* Assets.xcassets in Resources */,
			);
			runOnlyForDeploymentPostprocessing = 0;
		};
		0AA10D7E2AEC4C9500F4F747 /* Resources */ = {
			isa = PBXResourcesBuildPhase;
			buildActionMask = 2147483647;
			files = (
			);
			runOnlyForDeploymentPostprocessing = 0;
		};
		0AA10D882AEC4C9500F4F747 /* Resources */ = {
			isa = PBXResourcesBuildPhase;
			buildActionMask = 2147483647;
			files = (
			);
			runOnlyForDeploymentPostprocessing = 0;
		};
/* End PBXResourcesBuildPhase section */

/* Begin PBXSourcesBuildPhase section */
		0AA10D6C2AEC4C9400F4F747 /* Sources */ = {
			isa = PBXSourcesBuildPhase;
			buildActionMask = 2147483647;
			files = (
				0AA10D762AEC4C9400F4F747 /* ContentView.swift in Sources */,
				0AA10D742AEC4C9400F4F747 /* LeftMenuApp.swift in Sources */,
			);
			runOnlyForDeploymentPostprocessing = 0;
		};
		0AA10D7C2AEC4C9500F4F747 /* Sources */ = {
			isa = PBXSourcesBuildPhase;
			buildActionMask = 2147483647;
			files = (
				0AA10D852AEC4C9500F4F747 /* LeftMenuTests.swift in Sources */,
			);
			runOnlyForDeploymentPostprocessing = 0;
		};
		0AA10D862AEC4C9500F4F747 /* Sources */ = {
			isa = PBXSourcesBuildPhase;
			buildActionMask = 2147483647;
			files = (
				0AA10D912AEC4C9500F4F747 /* LeftMenuUITestsLaunchTests.swift in Sources */,
				0AA10D8F2AEC4C9500F4F747 /* LeftMenuUITests.swift in Sources */,
			);
			runOnlyForDeploymentPostprocessing = 0;
		};
/* End PBXSourcesBuildPhase section */

/* Begin PBXTargetDependency section */
		0AA10D822AEC4C9500F4F747 /* PBXTargetDependency */ = {
			isa = PBXTargetDependency;
			target = 0AA10D6F2AEC4C9400F4F747 /* LeftMenu */;
			targetProxy = 0AA10D812AEC4C9500F4F747 /* PBXContainerItemProxy */;
		};
		0AA10D8C2AEC4C9500F4F747 /* PBXTargetDependency */ = {
			isa = PBXTargetDependency;
			target = 0AA10D6F2AEC4C9400F4F747 /* LeftMenu */;
			targetProxy = 0AA10D8B2AEC4C9500F4F747 /* PBXContainerItemProxy */;
		};
/* End PBXTargetDependency section */

/* Begin XCBuildConfiguration section */
		0AA10D922AEC4C9500F4F747 /* Debug */ = {
			isa = XCBuildConfiguration;
			buildSettings = {
				ALWAYS_SEARCH_USER_PATHS = NO;
				ASSETCATALOG_COMPILER_GENERATE_SWIFT_ASSET_SYMBOL_EXTENSIONS = YES;
				CLANG_ANALYZER_NONNULL = YES;
				CLANG_ANALYZER_NUMBER_OBJECT_CONVERSION = YES_AGGRESSIVE;
				CLANG_CXX_LANGUAGE_STANDARD = "gnu++20";
				CLANG_ENABLE_MODULES = YES;
				CLANG_ENABLE_OBJC_ARC = YES;
				CLANG_ENABLE_OBJC_WEAK = YES;
				CLANG_WARN_BLOCK_CAPTURE_AUTORELEASING = YES;
				CLANG_WARN_BOOL_CONVERSION = YES;
				CLANG_WARN_COMMA = YES;
				CLANG_WARN_CONSTANT_CONVERSION = YES;
				CLANG_WARN_DEPRECATED_OBJC_IMPLEMENTATIONS = YES;
				CLANG_WARN_DIRECT_OBJC_ISA_USAGE = YES_ERROR;
				CLANG_WARN_DOCUMENTATION_COMMENTS = YES;
				CLANG_WARN_EMPTY_BODY = YES;
				CLANG_WARN_ENUM_CONVERSION = YES;
				CLANG_WARN_INFINITE_RECURSION = YES;
				CLANG_WARN_INT_CONVERSION = YES;
				CLANG_WARN_NON_LITERAL_NULL_CONVERSION = YES;
				CLANG_WARN_OBJC_IMPLICIT_RETAIN_SELF = YES;
				CLANG_WARN_OBJC_LITERAL_CONVERSION = YES;
				CLANG_WARN_OBJC_ROOT_CLASS = YES_ERROR;
				CLANG_WARN_QUOTED_INCLUDE_IN_FRAMEWORK_HEADER = YES;
				CLANG_WARN_RANGE_LOOP_ANALYSIS = YES;
				CLANG_WARN_STRICT_PROTOTYPES = YES;
				CLANG_WARN_SUSPICIOUS_MOVE = YES;
				CLANG_WARN_UNGUARDED_AVAILABILITY = YES_AGGRESSIVE;
				CLANG_WARN_UNREACHABLE_CODE = YES;
				CLANG_WARN__DUPLICATE_METHOD_MATCH = YES;
				COPY_PHASE_STRIP = NO;
				DEBUG_INFORMATION_FORMAT = dwarf;
				ENABLE_STRICT_OBJC_MSGSEND = YES;
				ENABLE_TESTABILITY = YES;
				ENABLE_USER_SCRIPT_SANDBOXING = YES;
				GCC_C_LANGUAGE_STANDARD = gnu17;
				GCC_DYNAMIC_NO_PIC = NO;
				GCC_NO_COMMON_BLOCKS = YES;
				GCC_OPTIMIZATION_LEVEL = 0;
				GCC_PREPROCESSOR_DEFINITIONS = (
					"DEBUG=1",
					"$(inherited)",
				);
				GCC_WARN_64_TO_32_BIT_CONVERSION = YES;
				GCC_WARN_ABOUT_RETURN_TYPE = YES_ERROR;
				GCC_WARN_UNDECLARED_SELECTOR = YES;
				GCC_WARN_UNINITIALIZED_AUTOS = YES_AGGRESSIVE;
				GCC_WARN_UNUSED_FUNCTION = YES;
				GCC_WARN_UNUSED_VARIABLE = YES;
				IPHONEOS_DEPLOYMENT_TARGET = 17.0;
				LOCALIZATION_PREFERS_STRING_CATALOGS = YES;
				MTL_ENABLE_DEBUG_INFO = INCLUDE_SOURCE;
				MTL_FAST_MATH = YES;
				ONLY_ACTIVE_ARCH = YES;
				SDKROOT = iphoneos;
				SWIFT_ACTIVE_COMPILATION_CONDITIONS = "DEBUG $(inherited)";
				SWIFT_OPTIMIZATION_LEVEL = "-Onone";
			};
			name = Debug;
		};
		0AA10D932AEC4C9500F4F747 /* Release */ = {
			isa = XCBuildConfiguration;
			buildSettings = {
				ALWAYS_SEARCH_USER_PATHS = NO;
				ASSETCATALOG_COMPILER_GENERATE_SWIFT_ASSET_SYMBOL_EXTENSIONS = YES;
				CLANG_ANALYZER_NONNULL = YES;
				CLANG_ANALYZER_NUMBER_OBJECT_CONVERSION = YES_AGGRESSIVE;
				CLANG_CXX_LANGUAGE_STANDARD = "gnu++20";
				CLANG_ENABLE_MODULES = YES;
				CLANG_ENABLE_OBJC_ARC = YES;
				CLANG_ENABLE_OBJC_WEAK = YES;
				CLANG_WARN_BLOCK_CAPTURE_AUTORELEASING = YES;
				CLANG_WARN_BOOL_CONVERSION = YES;
				CLANG_WARN_COMMA = YES;
				CLANG_WARN_CONSTANT_CONVERSION = YES;
				CLANG_WARN_DEPRECATED_OBJC_IMPLEMENTATIONS = YES;
				CLANG_WARN_DIRECT_OBJC_ISA_USAGE = YES_ERROR;
				CLANG_WARN_DOCUMENTATION_COMMENTS = YES;
				CLANG_WARN_EMPTY_BODY = YES;
				CLANG_WARN_ENUM_CONVERSION = YES;
				CLANG_WARN_INFINITE_RECURSION = YES;
				CLANG_WARN_INT_CONVERSION = YES;
				CLANG_WARN_NON_LITERAL_NULL_CONVERSION = YES;
				CLANG_WARN_OBJC_IMPLICIT_RETAIN_SELF = YES;
				CLANG_WARN_OBJC_LITERAL_CONVERSION = YES;
				CLANG_WARN_OBJC_ROOT_CLASS = YES_ERROR;
				CLANG_WARN_QUOTED_INCLUDE_IN_FRAMEWORK_HEADER = YES;
				CLANG_WARN_RANGE_LOOP_ANALYSIS = YES;
				CLANG_WARN_STRICT_PROTOTYPES = YES;
				CLANG_WARN_SUSPICIOUS_MOVE = YES;
				CLANG_WARN_UNGUARDED_AVAILABILITY = YES_AGGRESSIVE;
				CLANG_WARN_UNREACHABLE_CODE = YES;
				CLANG_WARN__DUPLICATE_METHOD_MATCH = YES;
				COPY_PHASE_STRIP = NO;
				DEBUG_INFORMATION_FORMAT = "dwarf-with-dsym";
				ENABLE_NS_ASSERTIONS = NO;
				ENABLE_STRICT_OBJC_MSGSEND = YES;
				ENABLE_USER_SCRIPT_SANDBOXING = YES;
				GCC_C_LANGUAGE_STANDARD = gnu17;
				GCC_NO_COMMON_BLOCKS = YES;
				GCC_WARN_64_TO_32_BIT_CONVERSION = YES;
				GCC_WARN_ABOUT_RETURN_TYPE = YES_ERROR;
				GCC_WARN_UNDECLARED_SELECTOR = YES;
				GCC_WARN_UNINITIALIZED_AUTOS = YES_AGGRESSIVE;
				GCC_WARN_UNUSED_FUNCTION = YES;
				GCC_WARN_UNUSED_VARIABLE = YES;
				IPHONEOS_DEPLOYMENT_TARGET = 17.0;
				LOCALIZATION_PREFERS_STRING_CATALOGS = YES;
				MTL_ENABLE_DEBUG_INFO = NO;
				MTL_FAST_MATH = YES;
				SDKROOT = iphoneos;
				SWIFT_COMPILATION_MODE = wholemodule;
				VALIDATE_PRODUCT = YES;
			};
			name = Release;
		};
		0AA10D952AEC4C9500F4F747 /* Debug */ = {
			isa = XCBuildConfiguration;
			buildSettings = {
				ASSETCATALOG_COMPILER_APPICON_NAME = AppIcon;
				ASSETCATALOG_COMPILER_GLOBAL_ACCENT_COLOR_NAME = AccentColor;
				CODE_SIGN_STYLE = Automatic;
				CURRENT_PROJECT_VERSION = 1;
				DEVELOPMENT_ASSET_PATHS = "\"LeftMenu/Preview Content\"";
				DEVELOPMENT_TEAM = Y3CC3XVFU3;
				ENABLE_PREVIEWS = YES;
				GENERATE_INFOPLIST_FILE = YES;
				INFOPLIST_KEY_UIApplicationSceneManifest_Generation = YES;
				INFOPLIST_KEY_UIApplicationSupportsIndirectInputEvents = YES;
				INFOPLIST_KEY_UILaunchScreen_Generation = YES;
				INFOPLIST_KEY_UISupportedInterfaceOrientations_iPad = "UIInterfaceOrientationPortrait UIInterfaceOrientationPortraitUpsideDown UIInterfaceOrientationLandscapeLeft UIInterfaceOrientationLandscapeRight";
				INFOPLIST_KEY_UISupportedInterfaceOrientations_iPhone = "UIInterfaceOrientationPortrait UIInterfaceOrientationLandscapeLeft UIInterfaceOrientationLandscapeRight";
				LD_RUNPATH_SEARCH_PATHS = (
					"$(inherited)",
					"@executable_path/Frameworks",
				);
				MARKETING_VERSION = 1.0;
				PRODUCT_BUNDLE_IDENTIFIER = Bouchons.LeftMenu;
				PRODUCT_NAME = "$(TARGET_NAME)";
				SWIFT_EMIT_LOC_STRINGS = YES;
				SWIFT_VERSION = 5.0;
				TARGETED_DEVICE_FAMILY = "1,2";
			};
			name = Debug;
		};
		0AA10D962AEC4C9500F4F747 /* Release */ = {
			isa = XCBuildConfiguration;
			buildSettings = {
				ASSETCATALOG_COMPILER_APPICON_NAME = AppIcon;
				ASSETCATALOG_COMPILER_GLOBAL_ACCENT_COLOR_NAME = AccentColor;
				CODE_SIGN_STYLE = Automatic;
				CURRENT_PROJECT_VERSION = 1;
				DEVELOPMENT_ASSET_PATHS = "\"LeftMenu/Preview Content\"";
				DEVELOPMENT_TEAM = Y3CC3XVFU3;
				ENABLE_PREVIEWS = YES;
				GENERATE_INFOPLIST_FILE = YES;
				INFOPLIST_KEY_UIApplicationSceneManifest_Generation = YES;
				INFOPLIST_KEY_UIApplicationSupportsIndirectInputEvents = YES;
				INFOPLIST_KEY_UILaunchScreen_Generation = YES;
				INFOPLIST_KEY_UISupportedInterfaceOrientations_iPad = "UIInterfaceOrientationPortrait UIInterfaceOrientationPortraitUpsideDown UIInterfaceOrientationLandscapeLeft UIInterfaceOrientationLandscapeRight";
				INFOPLIST_KEY_UISupportedInterfaceOrientations_iPhone = "UIInterfaceOrientationPortrait UIInterfaceOrientationLandscapeLeft UIInterfaceOrientationLandscapeRight";
				LD_RUNPATH_SEARCH_PATHS = (
					"$(inherited)",
					"@executable_path/Frameworks",
				);
				MARKETING_VERSION = 1.0;
				PRODUCT_BUNDLE_IDENTIFIER = Bouchons.LeftMenu;
				PRODUCT_NAME = "$(TARGET_NAME)";
				SWIFT_EMIT_LOC_STRINGS = YES;
				SWIFT_VERSION = 5.0;
				TARGETED_DEVICE_FAMILY = "1,2";
			};
			name = Release;
		};
		0AA10D982AEC4C9500F4F747 /* Debug */ = {
			isa = XCBuildConfiguration;
			buildSettings = {
				ALWAYS_EMBED_SWIFT_STANDARD_LIBRARIES = YES;
				BUNDLE_LOADER = "$(TEST_HOST)";
				CODE_SIGN_STYLE = Automatic;
				CURRENT_PROJECT_VERSION = 1;
				DEVELOPMENT_TEAM = Y3CC3XVFU3;
				GENERATE_INFOPLIST_FILE = YES;
				IPHONEOS_DEPLOYMENT_TARGET = 17.0;
				MARKETING_VERSION = 1.0;
				PRODUCT_BUNDLE_IDENTIFIER = Bouchons.LeftMenuTests;
				PRODUCT_NAME = "$(TARGET_NAME)";
				SWIFT_EMIT_LOC_STRINGS = NO;
				SWIFT_VERSION = 5.0;
				TARGETED_DEVICE_FAMILY = "1,2";
				TEST_HOST = "$(BUILT_PRODUCTS_DIR)/LeftMenu.app/$(BUNDLE_EXECUTABLE_FOLDER_PATH)/LeftMenu";
			};
			name = Debug;
		};
		0AA10D992AEC4C9500F4F747 /* Release */ = {
			isa = XCBuildConfiguration;
			buildSettings = {
				ALWAYS_EMBED_SWIFT_STANDARD_LIBRARIES = YES;
				BUNDLE_LOADER = "$(TEST_HOST)";
				CODE_SIGN_STYLE = Automatic;
				CURRENT_PROJECT_VERSION = 1;
				DEVELOPMENT_TEAM = Y3CC3XVFU3;
				GENERATE_INFOPLIST_FILE = YES;
				IPHONEOS_DEPLOYMENT_TARGET = 17.0;
				MARKETING_VERSION = 1.0;
				PRODUCT_BUNDLE_IDENTIFIER = Bouchons.LeftMenuTests;
				PRODUCT_NAME = "$(TARGET_NAME)";
				SWIFT_EMIT_LOC_STRINGS = NO;
				SWIFT_VERSION = 5.0;
				TARGETED_DEVICE_FAMILY = "1,2";
				TEST_HOST = "$(BUILT_PRODUCTS_DIR)/LeftMenu.app/$(BUNDLE_EXECUTABLE_FOLDER_PATH)/LeftMenu";
			};
			name = Release;
		};
		0AA10D9B2AEC4C9500F4F747 /* Debug */ = {
			isa = XCBuildConfiguration;
			buildSettings = {
				ALWAYS_EMBED_SWIFT_STANDARD_LIBRARIES = YES;
				CODE_SIGN_STYLE = Automatic;
				CURRENT_PROJECT_VERSION = 1;
				DEVELOPMENT_TEAM = Y3CC3XVFU3;
				GENERATE_INFOPLIST_FILE = YES;
				MARKETING_VERSION = 1.0;
				PRODUCT_BUNDLE_IDENTIFIER = Bouchons.LeftMenuUITests;
				PRODUCT_NAME = "$(TARGET_NAME)";
				SWIFT_EMIT_LOC_STRINGS = NO;
				SWIFT_VERSION = 5.0;
				TARGETED_DEVICE_FAMILY = "1,2";
				TEST_TARGET_NAME = LeftMenu;
			};
			name = Debug;
		};
		0AA10D9C2AEC4C9500F4F747 /* Release */ = {
			isa = XCBuildConfiguration;
			buildSettings = {
				ALWAYS_EMBED_SWIFT_STANDARD_LIBRARIES = YES;
				CODE_SIGN_STYLE = Automatic;
				CURRENT_PROJECT_VERSION = 1;
				DEVELOPMENT_TEAM = Y3CC3XVFU3;
				GENERATE_INFOPLIST_FILE = YES;
				MARKETING_VERSION = 1.0;
				PRODUCT_BUNDLE_IDENTIFIER = Bouchons.LeftMenuUITests;
				PRODUCT_NAME = "$(TARGET_NAME)";
				SWIFT_EMIT_LOC_STRINGS = NO;
				SWIFT_VERSION = 5.0;
				TARGETED_DEVICE_FAMILY = "1,2";
				TEST_TARGET_NAME = LeftMenu;
			};
			name = Release;
		};
/* End XCBuildConfiguration section */

/* Begin XCConfigurationList section */
		0AA10D6B2AEC4C9400F4F747 /* Build configuration list for PBXProject "LeftMenu" */ = {
			isa = XCConfigurationList;
			buildConfigurations = (
				0AA10D922AEC4C9500F4F747 /* Debug */,
				0AA10D932AEC4C9500F4F747 /* Release */,
			);
			defaultConfigurationIsVisible = 0;
			defaultConfigurationName = Release;
		};
		0AA10D942AEC4C9500F4F747 /* Build configuration list for PBXNativeTarget "LeftMenu" */ = {
			isa = XCConfigurationList;
			buildConfigurations = (
				0AA10D952AEC4C9500F4F747 /* Debug */,
				0AA10D962AEC4C9500F4F747 /* Release */,
			);
			defaultConfigurationIsVisible = 0;
			defaultConfigurationName = Release;
		};
		0AA10D972AEC4C9500F4F747 /* Build configuration list for PBXNativeTarget "LeftMenuTests" */ = {
			isa = XCConfigurationList;
			buildConfigurations = (
				0AA10D982AEC4C9500F4F747 /* Debug */,
				0AA10D992AEC4C9500F4F747 /* Release */,
			);
			defaultConfigurationIsVisible = 0;
			defaultConfigurationName = Release;
		};
		0AA10D9A2AEC4C9500F4F747 /* Build configuration list for PBXNativeTarget "LeftMenuUITests" */ = {
			isa = XCConfigurationList;
			buildConfigurations = (
				0AA10D9B2AEC4C9500F4F747 /* Debug */,
				0AA10D9C2AEC4C9500F4F747 /* Release */,
			);
			defaultConfigurationIsVisible = 0;
			defaultConfigurationName = Release;
		};
/* End XCConfigurationList section */
	};
	rootObject = 0AA10D682AEC4C9400F4F747 /* Project object */;
}
